{
  "requires": true,
  "lockfileVersion": 1,
  "dependencies": {
    "bignumber.js": {
      "version": "7.2.1",
      "resolved": "https://registry.npmjs.org/bignumber.js/-/bignumber.js-7.2.1.tgz",
      "integrity": "sha512-S4XzBk5sMB+Rcb/LNcpzXr57VRTxgAvaAEDAl1AwRx27j00hT84O6OkteE7u8UB3NuaaygCRrEpqox4uDOrbdQ=="
    },
    "js-sha3": {
      "version": "0.7.0",
      "resolved": "https://registry.npmjs.org/js-sha3/-/js-sha3-0.7.0.tgz",
      "integrity": "sha512-Wpks3yBDm0UcL5qlVhwW9Jr9n9i4FfeWBFOOXP5puDS/SiudJGhw7DPyBqn3487qD4F0lsC0q3zxink37f7zeA=="
    }
  }
}
